
Microsoft Visual Studio Solution File, Format Version 12.00
# Visual Studio Version 17
VisualStudioVersion = 17.14.36109.1 d17.14
MinimumVisualStudioVersion = 10.0.40219.1
Project("{FAE04EC0-301F-11D3-BF4B-00C04F79EFBC}") = "BlackJack.Core", "BlackJack.Core\BlackJack.Core.csproj", "{3EC81C6C-736D-4641-B242-D3AC53F9FE0E}"
EndProject
Global
	GlobalSection(SolutionConfigurationPlatforms) = preSolution
		Debug|Any CPU = Debug|Any CPU
		Release|Any CPU = Release|Any CPU
	EndGlobalSection
	GlobalSection(ProjectConfigurationPlatforms) = postSolution
		{3EC81C6C-736D-4641-B242-D3AC53F9FE0E}.Debug|Any CPU.ActiveCfg = Debug|Any CPU
		{3EC81C6C-736D-4641-B242-D3AC53F9FE0E}.Debug|Any CPU.Build.0 = Debug|Any CPU
		{3EC81C6C-736D-4641-B242-D3AC53F9FE0E}.Release|Any CPU.ActiveCfg = Release|Any CPU
		{3EC81C6C-736D-4641-B242-D3AC53F9FE0E}.Release|Any CPU.Build.0 = Release|Any CPU
	EndGlobalSection
	GlobalSection(SolutionProperties) = preSolution
		HideSolutionNode = FALSE
	EndGlobalSection
	GlobalSection(ExtensibilityGlobals) = postSolution
		SolutionGuid = {F4B57B74-2F44-40F9-81BF-F0169512B09E}
	EndGlobalSection
EndGlobal
